// !$*UTF8*$!
{
	archiveVersion = 1;
	classes = {
	};
	objectVersion = 51;
	objects = {

/* Begin PBXBuildFile section */
		012F42D7AC4BD4B373111F61 /* Pods_FinancePractice.framework in Frameworks */ = {isa = PBXBuildFile; fileRef = 00FFAD13EAB755C905B87CDD /* Pods_FinancePractice.framework */; };
		9500B0E5282721DD3E8DB4A9 /* Pods_FinancePracticeUITests.framework in Frameworks */ = {isa = PBXBuildFile; fileRef = 966E9C5174C3B14064939FBD /* Pods_FinancePracticeUITests.framework */; };
		CEE0CB736F0090FB4AF1FD54 /* Pods_FinancePracticeTests.framework in Frameworks */ = {isa = PBXBuildFile; fileRef = E19EC97A7BDE634AFE439AF1 /* Pods_FinancePracticeTests.framework */; };
		D91A87EF23C0B85700F956CA /* AccountListView.swift in Sources */ = {isa = PBXBuildFile; fileRef = D91A87EE23C0B85700F956CA /* AccountListView.swift */; };
		D91A87F523C1802D00F956CA /* TransactionListViewController.swift in Sources */ = {isa = PBXBuildFile; fileRef = D91A87F423C1802D00F956CA /* TransactionListViewController.swift */; };
		D91A87F723C1807400F956CA /* TransactionListViewModel.swift in Sources */ = {isa = PBXBuildFile; fileRef = D91A87F623C1807400F956CA /* TransactionListViewModel.swift */; };
		D91A87F923C1808E00F956CA /* TransactionListDataSource.swift in Sources */ = {isa = PBXBuildFile; fileRef = D91A87F823C1808E00F956CA /* TransactionListDataSource.swift */; };
		D91A87FC23C180B700F956CA /* TransactionListDataSourceCoreDataImpl.swift in Sources */ = {isa = PBXBuildFile; fileRef = D91A87FB23C180B700F956CA /* TransactionListDataSourceCoreDataImpl.swift */; };
		D91A87FF23C1835900F956CA /* TransactionListViewModelAssembler.swift in Sources */ = {isa = PBXBuildFile; fileRef = D91A87FE23C1835900F956CA /* TransactionListViewModelAssembler.swift */; };
		D91A880123C201D000F956CA /* TransactionListViewState.swift in Sources */ = {isa = PBXBuildFile; fileRef = D91A880023C201D000F956CA /* TransactionListViewState.swift */; };
		D91A880323C2033100F956CA /* TransactionListTableViewCellState.swift in Sources */ = {isa = PBXBuildFile; fileRef = D91A880223C2033100F956CA /* TransactionListTableViewCellState.swift */; };
		D91A880523C204C500F956CA /* TransactionListView.swift in Sources */ = {isa = PBXBuildFile; fileRef = D91A880423C204C500F956CA /* TransactionListView.swift */; };
		D9257ECD23BE1831005FE802 /* ProfileListDataSourceObserver.swift in Sources */ = {isa = PBXBuildFile; fileRef = D9257ECC23BE1831005FE802 /* ProfileListDataSourceObserver.swift */; };
		D9257ED123BF1D5E005FE802 /* AccountListViewController.swift in Sources */ = {isa = PBXBuildFile; fileRef = D9257ED023BF1D5E005FE802 /* AccountListViewController.swift */; };
		D9257ED423BF1D6E005FE802 /* AccountListViewModel.swift in Sources */ = {isa = PBXBuildFile; fileRef = D9257ED323BF1D6E005FE802 /* AccountListViewModel.swift */; };
		D9257ED723C0502B005FE802 /* AccountListViewModelAssembler.swift in Sources */ = {isa = PBXBuildFile; fileRef = D9257ED623C0502B005FE802 /* AccountListViewModelAssembler.swift */; };
		D93367F523C0B50B00E8CF8C /* AccountListDataSource.swift in Sources */ = {isa = PBXBuildFile; fileRef = D93367F423C0B50B00E8CF8C /* AccountListDataSource.swift */; };
		D93367F923C0B54500E8CF8C /* AccountListDataSourceCoreDataImpl.swift in Sources */ = {isa = PBXBuildFile; fileRef = D93367F823C0B54500E8CF8C /* AccountListDataSourceCoreDataImpl.swift */; };
		D93367FB23C0B61100E8CF8C /* AccountListDataSourceObserver.swift in Sources */ = {isa = PBXBuildFile; fileRef = D93367FA23C0B61100E8CF8C /* AccountListDataSourceObserver.swift */; };
		D93E8DBB23BC815000982A04 /* AppDelegate.swift in Sources */ = {isa = PBXBuildFile; fileRef = D93E8DBA23BC815000982A04 /* AppDelegate.swift */; };
		D93E8DC223BC815000982A04 /* Main.storyboard in Resources */ = {isa = PBXBuildFile; fileRef = D93E8DC023BC815000982A04 /* Main.storyboard */; };
		D93E8DC523BC815000982A04 /* FinancePractice.xcdatamodeld in Sources */ = {isa = PBXBuildFile; fileRef = D93E8DC323BC815000982A04 /* FinancePractice.xcdatamodeld */; };
		D93E8DC723BC815200982A04 /* Assets.xcassets in Resources */ = {isa = PBXBuildFile; fileRef = D93E8DC623BC815200982A04 /* Assets.xcassets */; };
		D93E8DCA23BC815200982A04 /* LaunchScreen.storyboard in Resources */ = {isa = PBXBuildFile; fileRef = D93E8DC823BC815200982A04 /* LaunchScreen.storyboard */; };
		D93E8DE023BC815300982A04 /* FinancePracticeUITests.swift in Sources */ = {isa = PBXBuildFile; fileRef = D93E8DDF23BC815300982A04 /* FinancePracticeUITests.swift */; };
		D93E8DEE23BC81B000982A04 /* CoreDataService.swift in Sources */ = {isa = PBXBuildFile; fileRef = D93E8DED23BC81B000982A04 /* CoreDataService.swift */; };
		D93E8E0823BC926E00982A04 /* Account+CoreDataClass.swift in Sources */ = {isa = PBXBuildFile; fileRef = D93E8E0023BC926E00982A04 /* Account+CoreDataClass.swift */; };
		D93E8E0923BC926E00982A04 /* Account+CoreDataProperties.swift in Sources */ = {isa = PBXBuildFile; fileRef = D93E8E0123BC926E00982A04 /* Account+CoreDataProperties.swift */; };
		D93E8E0A23BC926E00982A04 /* Transaction+CoreDataClass.swift in Sources */ = {isa = PBXBuildFile; fileRef = D93E8E0223BC926E00982A04 /* Transaction+CoreDataClass.swift */; };
		D93E8E0C23BC926E00982A04 /* Place+CoreDataClass.swift in Sources */ = {isa = PBXBuildFile; fileRef = D93E8E0423BC926E00982A04 /* Place+CoreDataClass.swift */; };
		D93E8E0D23BC926E00982A04 /* Place+CoreDataProperties.swift in Sources */ = {isa = PBXBuildFile; fileRef = D93E8E0523BC926E00982A04 /* Place+CoreDataProperties.swift */; };
		D93E8E0E23BC926E00982A04 /* Profile+CoreDataClass.swift in Sources */ = {isa = PBXBuildFile; fileRef = D93E8E0623BC926E00982A04 /* Profile+CoreDataClass.swift */; };
		D93E8E0F23BC926E00982A04 /* Profile+CoreDataProperties.swift in Sources */ = {isa = PBXBuildFile; fileRef = D93E8E0723BC926E00982A04 /* Profile+CoreDataProperties.swift */; };
		D94697A523BCFFBC004F3C87 /* ProfileListView.swift in Sources */ = {isa = PBXBuildFile; fileRef = D94697A423BCFFBC004F3C87 /* ProfileListView.swift */; };
		D97BA07023BCF46400274352 /* ProfileListViewController.swift in Sources */ = {isa = PBXBuildFile; fileRef = D97BA06F23BCF46400274352 /* ProfileListViewController.swift */; };
		D9906B1A23C209340096A831 /* TransactionListDataSourceObserver.swift in Sources */ = {isa = PBXBuildFile; fileRef = D9906B1923C209340096A831 /* TransactionListDataSourceObserver.swift */; };
		D9906B1C23C21FF10096A831 /* TransactionListTableViewCellState+Differentiable.swift in Sources */ = {isa = PBXBuildFile; fileRef = D9906B1B23C21FF10096A831 /* TransactionListTableViewCellState+Differentiable.swift */; };
		D9906B1E23C2291D0096A831 /* Transaction+CoreDataProperties.swift in Sources */ = {isa = PBXBuildFile; fileRef = D9906B1D23C2291D0096A831 /* Transaction+CoreDataProperties.swift */; };
		D9906B2023C22C600096A831 /* ProfileListViewModelTests.swift in Sources */ = {isa = PBXBuildFile; fileRef = D9906B1F23C22C600096A831 /* ProfileListViewModelTests.swift */; };
		D9906B2323C230560096A831 /* MockProfileListViewModelAssembler.swift in Sources */ = {isa = PBXBuildFile; fileRef = D9906B2223C230560096A831 /* MockProfileListViewModelAssembler.swift */; };
		D9906B2523C230790096A831 /* MockProfileListDataSourceAssembler.swift in Sources */ = {isa = PBXBuildFile; fileRef = D9906B2423C230790096A831 /* MockProfileListDataSourceAssembler.swift */; };
		D9906B2823C2328C0096A831 /* MockProfileListView.swift in Sources */ = {isa = PBXBuildFile; fileRef = D9906B2723C2328C0096A831 /* MockProfileListView.swift */; };
		D9FF1DAD23BCF6F900C7E7F2 /* ProfileListViewModel.swift in Sources */ = {isa = PBXBuildFile; fileRef = D9FF1DAC23BCF6F900C7E7F2 /* ProfileListViewModel.swift */; };
		D9FF1DAF23BCF7E600C7E7F2 /* ProfileListDataSource.swift in Sources */ = {isa = PBXBuildFile; fileRef = D9FF1DAE23BCF7E600C7E7F2 /* ProfileListDataSource.swift */; };
		D9FF1DB123BCF84900C7E7F2 /* ProfileListDataSourceCoreDataImpl.swift in Sources */ = {isa = PBXBuildFile; fileRef = D9FF1DB023BCF84900C7E7F2 /* ProfileListDataSourceCoreDataImpl.swift */; };
		D9FF1DB323BCF85500C7E7F2 /* ProfileListDataSourceAssembler.swift in Sources */ = {isa = PBXBuildFile; fileRef = D9FF1DB223BCF85500C7E7F2 /* ProfileListDataSourceAssembler.swift */; };
		D9FF1DB523BCF89B00C7E7F2 /* ProfileListViewModelAssembler.swift in Sources */ = {isa = PBXBuildFile; fileRef = D9FF1DB423BCF89B00C7E7F2 /* ProfileListViewModelAssembler.swift */; };
/* End PBXBuildFile section */

/* Begin PBXContainerItemProxy section */
		D93E8DD123BC815300982A04 /* PBXContainerItemProxy */ = {
			isa = PBXContainerItemProxy;
			containerPortal = D93E8DAF23BC815000982A04 /* Project object */;
			proxyType = 1;
			remoteGlobalIDString = D93E8DB623BC815000982A04;
			remoteInfo = FinancePractice;
		};
		D93E8DDC23BC815300982A04 /* PBXContainerItemProxy */ = {
			isa = PBXContainerItemProxy;
			containerPortal = D93E8DAF23BC815000982A04 /* Project object */;
			proxyType = 1;
			remoteGlobalIDString = D93E8DB623BC815000982A04;
			remoteInfo = FinancePractice;
		};
/* End PBXContainerItemProxy section */

/* Begin PBXFileReference section */
		00FFAD13EAB755C905B87CDD /* Pods_FinancePractice.framework */ = {isa = PBXFileReference; explicitFileType = wrapper.framework; includeInIndex = 0; path = Pods_FinancePractice.framework; sourceTree = BUILT_PRODUCTS_DIR; };
		04986306FBA515CBC3A4CC3D /* Pods-FinancePracticeUITests.debug.xcconfig */ = {isa = PBXFileReference; includeInIndex = 1; lastKnownFileType = text.xcconfig; name = "Pods-FinancePracticeUITests.debug.xcconfig"; path = "Target Support Files/Pods-FinancePracticeUITests/Pods-FinancePracticeUITests.debug.xcconfig"; sourceTree = "<group>"; };
		1876E7B81D9E91D11DD8271E /* Pods-FinancePractice.debug.xcconfig */ = {isa = PBXFileReference; includeInIndex = 1; lastKnownFileType = text.xcconfig; name = "Pods-FinancePractice.debug.xcconfig"; path = "Target Support Files/Pods-FinancePractice/Pods-FinancePractice.debug.xcconfig"; sourceTree = "<group>"; };
		3BDEE6EBE072D455CEE2D11B /* Pods-FinancePractice.release.xcconfig */ = {isa = PBXFileReference; includeInIndex = 1; lastKnownFileType = text.xcconfig; name = "Pods-FinancePractice.release.xcconfig"; path = "Target Support Files/Pods-FinancePractice/Pods-FinancePractice.release.xcconfig"; sourceTree = "<group>"; };
		706A6EF4807F014D9493BA8D /* Pods-FinancePracticeTests.release.xcconfig */ = {isa = PBXFileReference; includeInIndex = 1; lastKnownFileType = text.xcconfig; name = "Pods-FinancePracticeTests.release.xcconfig"; path = "Target Support Files/Pods-FinancePracticeTests/Pods-FinancePracticeTests.release.xcconfig"; sourceTree = "<group>"; };
		7372D5D5384C05654466EC05 /* Pods-FinancePracticeUITests.release.xcconfig */ = {isa = PBXFileReference; includeInIndex = 1; lastKnownFileType = text.xcconfig; name = "Pods-FinancePracticeUITests.release.xcconfig"; path = "Target Support Files/Pods-FinancePracticeUITests/Pods-FinancePracticeUITests.release.xcconfig"; sourceTree = "<group>"; };
		966E9C5174C3B14064939FBD /* Pods_FinancePracticeUITests.framework */ = {isa = PBXFileReference; explicitFileType = wrapper.framework; includeInIndex = 0; path = Pods_FinancePracticeUITests.framework; sourceTree = BUILT_PRODUCTS_DIR; };
		B8F99D7C44222CB7DB64E1D2 /* Pods-FinancePracticeTests.debug.xcconfig */ = {isa = PBXFileReference; includeInIndex = 1; lastKnownFileType = text.xcconfig; name = "Pods-FinancePracticeTests.debug.xcconfig"; path = "Target Support Files/Pods-FinancePracticeTests/Pods-FinancePracticeTests.debug.xcconfig"; sourceTree = "<group>"; };
		D91A87EE23C0B85700F956CA /* AccountListView.swift */ = {isa = PBXFileReference; lastKnownFileType = sourcecode.swift; path = AccountListView.swift; sourceTree = "<group>"; };
		D91A87F423C1802D00F956CA /* TransactionListViewController.swift */ = {isa = PBXFileReference; lastKnownFileType = sourcecode.swift; path = TransactionListViewController.swift; sourceTree = "<group>"; };
		D91A87F623C1807400F956CA /* TransactionListViewModel.swift */ = {isa = PBXFileReference; lastKnownFileType = sourcecode.swift; path = TransactionListViewModel.swift; sourceTree = "<group>"; };
		D91A87F823C1808E00F956CA /* TransactionListDataSource.swift */ = {isa = PBXFileReference; lastKnownFileType = sourcecode.swift; path = TransactionListDataSource.swift; sourceTree = "<group>"; };
		D91A87FB23C180B700F956CA /* TransactionListDataSourceCoreDataImpl.swift */ = {isa = PBXFileReference; lastKnownFileType = sourcecode.swift; path = TransactionListDataSourceCoreDataImpl.swift; sourceTree = "<group>"; };
		D91A87FE23C1835900F956CA /* TransactionListViewModelAssembler.swift */ = {isa = PBXFileReference; lastKnownFileType = sourcecode.swift; path = TransactionListViewModelAssembler.swift; sourceTree = "<group>"; };
		D91A880023C201D000F956CA /* TransactionListViewState.swift */ = {isa = PBXFileReference; lastKnownFileType = sourcecode.swift; path = TransactionListViewState.swift; sourceTree = "<group>"; };
		D91A880223C2033100F956CA /* TransactionListTableViewCellState.swift */ = {isa = PBXFileReference; lastKnownFileType = sourcecode.swift; path = TransactionListTableViewCellState.swift; sourceTree = "<group>"; };
		D91A880423C204C500F956CA /* TransactionListView.swift */ = {isa = PBXFileReference; lastKnownFileType = sourcecode.swift; path = TransactionListView.swift; sourceTree = "<group>"; };
		D9257ECC23BE1831005FE802 /* ProfileListDataSourceObserver.swift */ = {isa = PBXFileReference; lastKnownFileType = sourcecode.swift; path = ProfileListDataSourceObserver.swift; sourceTree = "<group>"; };
		D9257ED023BF1D5E005FE802 /* AccountListViewController.swift */ = {isa = PBXFileReference; lastKnownFileType = sourcecode.swift; path = AccountListViewController.swift; sourceTree = "<group>"; };
		D9257ED323BF1D6E005FE802 /* AccountListViewModel.swift */ = {isa = PBXFileReference; lastKnownFileType = sourcecode.swift; path = AccountListViewModel.swift; sourceTree = "<group>"; };
		D9257ED623C0502B005FE802 /* AccountListViewModelAssembler.swift */ = {isa = PBXFileReference; lastKnownFileType = sourcecode.swift; path = AccountListViewModelAssembler.swift; sourceTree = "<group>"; };
		D93367F423C0B50B00E8CF8C /* AccountListDataSource.swift */ = {isa = PBXFileReference; lastKnownFileType = sourcecode.swift; path = AccountListDataSource.swift; sourceTree = "<group>"; };
		D93367F823C0B54500E8CF8C /* AccountListDataSourceCoreDataImpl.swift */ = {isa = PBXFileReference; lastKnownFileType = sourcecode.swift; path = AccountListDataSourceCoreDataImpl.swift; sourceTree = "<group>"; };
		D93367FA23C0B61100E8CF8C /* AccountListDataSourceObserver.swift */ = {isa = PBXFileReference; lastKnownFileType = sourcecode.swift; path = AccountListDataSourceObserver.swift; sourceTree = "<group>"; };
		D93E8DB723BC815000982A04 /* FinancePractice.app */ = {isa = PBXFileReference; explicitFileType = wrapper.application; includeInIndex = 0; path = FinancePractice.app; sourceTree = BUILT_PRODUCTS_DIR; };
		D93E8DBA23BC815000982A04 /* AppDelegate.swift */ = {isa = PBXFileReference; lastKnownFileType = sourcecode.swift; path = AppDelegate.swift; sourceTree = "<group>"; };
		D93E8DC123BC815000982A04 /* Base */ = {isa = PBXFileReference; lastKnownFileType = file.storyboard; name = Base; path = Base.lproj/Main.storyboard; sourceTree = "<group>"; };
		D93E8DC423BC815000982A04 /* FinancePractice.xcdatamodel */ = {isa = PBXFileReference; lastKnownFileType = wrapper.xcdatamodel; path = FinancePractice.xcdatamodel; sourceTree = "<group>"; };
		D93E8DC623BC815200982A04 /* Assets.xcassets */ = {isa = PBXFileReference; lastKnownFileType = folder.assetcatalog; path = Assets.xcassets; sourceTree = "<group>"; };
		D93E8DC923BC815200982A04 /* Base */ = {isa = PBXFileReference; lastKnownFileType = file.storyboard; name = Base; path = Base.lproj/LaunchScreen.storyboard; sourceTree = "<group>"; };
		D93E8DCB23BC815200982A04 /* Info.plist */ = {isa = PBXFileReference; lastKnownFileType = text.plist.xml; path = Info.plist; sourceTree = "<group>"; };
		D93E8DD023BC815300982A04 /* FinancePracticeTests.xctest */ = {isa = PBXFileReference; explicitFileType = wrapper.cfbundle; includeInIndex = 0; path = FinancePracticeTests.xctest; sourceTree = BUILT_PRODUCTS_DIR; };
		D93E8DD623BC815300982A04 /* Info.plist */ = {isa = PBXFileReference; lastKnownFileType = text.plist.xml; path = Info.plist; sourceTree = "<group>"; };
		D93E8DDB23BC815300982A04 /* FinancePracticeUITests.xctest */ = {isa = PBXFileReference; explicitFileType = wrapper.cfbundle; includeInIndex = 0; path = FinancePracticeUITests.xctest; sourceTree = BUILT_PRODUCTS_DIR; };
		D93E8DDF23BC815300982A04 /* FinancePracticeUITests.swift */ = {isa = PBXFileReference; lastKnownFileType = sourcecode.swift; path = FinancePracticeUITests.swift; sourceTree = "<group>"; };
		D93E8DE123BC815300982A04 /* Info.plist */ = {isa = PBXFileReference; lastKnownFileType = text.plist.xml; path = Info.plist; sourceTree = "<group>"; };
		D93E8DED23BC81B000982A04 /* CoreDataService.swift */ = {isa = PBXFileReference; lastKnownFileType = sourcecode.swift; path = CoreDataService.swift; sourceTree = "<group>"; };
		D93E8E0023BC926E00982A04 /* Account+CoreDataClass.swift */ = {isa = PBXFileReference; lastKnownFileType = sourcecode.swift; path = "Account+CoreDataClass.swift"; sourceTree = "<group>"; };
		D93E8E0123BC926E00982A04 /* Account+CoreDataProperties.swift */ = {isa = PBXFileReference; lastKnownFileType = sourcecode.swift; path = "Account+CoreDataProperties.swift"; sourceTree = "<group>"; };
		D93E8E0223BC926E00982A04 /* Transaction+CoreDataClass.swift */ = {isa = PBXFileReference; lastKnownFileType = sourcecode.swift; path = "Transaction+CoreDataClass.swift"; sourceTree = "<group>"; };
		D93E8E0423BC926E00982A04 /* Place+CoreDataClass.swift */ = {isa = PBXFileReference; lastKnownFileType = sourcecode.swift; path = "Place+CoreDataClass.swift"; sourceTree = "<group>"; };
		D93E8E0523BC926E00982A04 /* Place+CoreDataProperties.swift */ = {isa = PBXFileReference; lastKnownFileType = sourcecode.swift; path = "Place+CoreDataProperties.swift"; sourceTree = "<group>"; };
		D93E8E0623BC926E00982A04 /* Profile+CoreDataClass.swift */ = {isa = PBXFileReference; lastKnownFileType = sourcecode.swift; path = "Profile+CoreDataClass.swift"; sourceTree = "<group>"; };
		D93E8E0723BC926E00982A04 /* Profile+CoreDataProperties.swift */ = {isa = PBXFileReference; lastKnownFileType = sourcecode.swift; path = "Profile+CoreDataProperties.swift"; sourceTree = "<group>"; };
		D94697A423BCFFBC004F3C87 /* ProfileListView.swift */ = {isa = PBXFileReference; lastKnownFileType = sourcecode.swift; path = ProfileListView.swift; sourceTree = "<group>"; };
		D97BA06F23BCF46400274352 /* ProfileListViewController.swift */ = {isa = PBXFileReference; lastKnownFileType = sourcecode.swift; path = ProfileListViewController.swift; sourceTree = "<group>"; };
		D9906B1923C209340096A831 /* TransactionListDataSourceObserver.swift */ = {isa = PBXFileReference; lastKnownFileType = sourcecode.swift; path = TransactionListDataSourceObserver.swift; sourceTree = "<group>"; };
		D9906B1B23C21FF10096A831 /* TransactionListTableViewCellState+Differentiable.swift */ = {isa = PBXFileReference; lastKnownFileType = sourcecode.swift; path = "TransactionListTableViewCellState+Differentiable.swift"; sourceTree = "<group>"; };
		D9906B1D23C2291D0096A831 /* Transaction+CoreDataProperties.swift */ = {isa = PBXFileReference; lastKnownFileType = sourcecode.swift; path = "Transaction+CoreDataProperties.swift"; sourceTree = "<group>"; };
		D9906B1F23C22C600096A831 /* ProfileListViewModelTests.swift */ = {isa = PBXFileReference; lastKnownFileType = sourcecode.swift; path = ProfileListViewModelTests.swift; sourceTree = "<group>"; };
		D9906B2223C230560096A831 /* MockProfileListViewModelAssembler.swift */ = {isa = PBXFileReference; lastKnownFileType = sourcecode.swift; path = MockProfileListViewModelAssembler.swift; sourceTree = "<group>"; };
		D9906B2423C230790096A831 /* MockProfileListDataSourceAssembler.swift */ = {isa = PBXFileReference; lastKnownFileType = sourcecode.swift; path = MockProfileListDataSourceAssembler.swift; sourceTree = "<group>"; };
		D9906B2723C2328C0096A831 /* MockProfileListView.swift */ = {isa = PBXFileReference; lastKnownFileType = sourcecode.swift; path = MockProfileListView.swift; sourceTree = "<group>"; };
		D9FF1DAC23BCF6F900C7E7F2 /* ProfileListViewModel.swift */ = {isa = PBXFileReference; lastKnownFileType = sourcecode.swift; path = ProfileListViewModel.swift; sourceTree = "<group>"; };
		D9FF1DAE23BCF7E600C7E7F2 /* ProfileListDataSource.swift */ = {isa = PBXFileReference; lastKnownFileType = sourcecode.swift; path = ProfileListDataSource.swift; sourceTree = "<group>"; };
		D9FF1DB023BCF84900C7E7F2 /* ProfileListDataSourceCoreDataImpl.swift */ = {isa = PBXFileReference; lastKnownFileType = sourcecode.swift; path = ProfileListDataSourceCoreDataImpl.swift; sourceTree = "<group>"; };
		D9FF1DB223BCF85500C7E7F2 /* ProfileListDataSourceAssembler.swift */ = {isa = PBXFileReference; lastKnownFileType = sourcecode.swift; path = ProfileListDataSourceAssembler.swift; sourceTree = "<group>"; };
		D9FF1DB423BCF89B00C7E7F2 /* ProfileListViewModelAssembler.swift */ = {isa = PBXFileReference; lastKnownFileType = sourcecode.swift; path = ProfileListViewModelAssembler.swift; sourceTree = "<group>"; };
		E19EC97A7BDE634AFE439AF1 /* Pods_FinancePracticeTests.framework */ = {isa = PBXFileReference; explicitFileType = wrapper.framework; includeInIndex = 0; path = Pods_FinancePracticeTests.framework; sourceTree = BUILT_PRODUCTS_DIR; };
/* End PBXFileReference section */

/* Begin PBXFrameworksBuildPhase section */
		D93E8DB423BC815000982A04 /* Frameworks */ = {
			isa = PBXFrameworksBuildPhase;
			buildActionMask = 2147483647;
			files = (
				012F42D7AC4BD4B373111F61 /* Pods_FinancePractice.framework in Frameworks */,
			);
			runOnlyForDeploymentPostprocessing = 0;
		};
		D93E8DCD23BC815300982A04 /* Frameworks */ = {
			isa = PBXFrameworksBuildPhase;
			buildActionMask = 2147483647;
			files = (
				CEE0CB736F0090FB4AF1FD54 /* Pods_FinancePracticeTests.framework in Frameworks */,
			);
			runOnlyForDeploymentPostprocessing = 0;
		};
		D93E8DD823BC815300982A04 /* Frameworks */ = {
			isa = PBXFrameworksBuildPhase;
			buildActionMask = 2147483647;
			files = (
				9500B0E5282721DD3E8DB4A9 /* Pods_FinancePracticeUITests.framework in Frameworks */,
			);
			runOnlyForDeploymentPostprocessing = 0;
		};
/* End PBXFrameworksBuildPhase section */

/* Begin PBXGroup section */
		7DC4218B2B128D7F66EAC2F6 /* Pods */ = {
			isa = PBXGroup;
			children = (
				1876E7B81D9E91D11DD8271E /* Pods-FinancePractice.debug.xcconfig */,
				3BDEE6EBE072D455CEE2D11B /* Pods-FinancePractice.release.xcconfig */,
				B8F99D7C44222CB7DB64E1D2 /* Pods-FinancePracticeTests.debug.xcconfig */,
				706A6EF4807F014D9493BA8D /* Pods-FinancePracticeTests.release.xcconfig */,
				04986306FBA515CBC3A4CC3D /* Pods-FinancePracticeUITests.debug.xcconfig */,
				7372D5D5384C05654466EC05 /* Pods-FinancePracticeUITests.release.xcconfig */,
			);
			path = Pods;
			sourceTree = "<group>";
		};
		BC2F27D8984E0F4510C7C2FA /* Frameworks */ = {
			isa = PBXGroup;
			children = (
				00FFAD13EAB755C905B87CDD /* Pods_FinancePractice.framework */,
				E19EC97A7BDE634AFE439AF1 /* Pods_FinancePracticeTests.framework */,
				966E9C5174C3B14064939FBD /* Pods_FinancePracticeUITests.framework */,
			);
			name = Frameworks;
			sourceTree = "<group>";
		};
		D91A87F023C17FF600F956CA /* TransactionList */ = {
			isa = PBXGroup;
			children = (
				D91A87FD23C1834800F956CA /* Assemblers */,
				D91A87F323C1801300F956CA /* View */,
				D91A87F223C1800C00F956CA /* ViewModel */,
				D91A87F123C17FFE00F956CA /* Services */,
			);
			path = TransactionList;
			sourceTree = "<group>";
		};
		D91A87F123C17FFE00F956CA /* Services */ = {
			isa = PBXGroup;
			children = (
				D91A880623C2059C00F956CA /* Protocols */,
				D91A87FA23C180A700F956CA /* Implementations */,
			);
			path = Services;
			sourceTree = "<group>";
		};
		D91A87F223C1800C00F956CA /* ViewModel */ = {
			isa = PBXGroup;
			children = (
				D91A87F623C1807400F956CA /* TransactionListViewModel.swift */,
				D91A880023C201D000F956CA /* TransactionListViewState.swift */,
				D91A880223C2033100F956CA /* TransactionListTableViewCellState.swift */,
				D9906B1B23C21FF10096A831 /* TransactionListTableViewCellState+Differentiable.swift */,
			);
			path = ViewModel;
			sourceTree = "<group>";
		};
		D91A87F323C1801300F956CA /* View */ = {
			isa = PBXGroup;
			children = (
				D91A87F423C1802D00F956CA /* TransactionListViewController.swift */,
				D91A880423C204C500F956CA /* TransactionListView.swift */,
			);
			path = View;
			sourceTree = "<group>";
		};
		D91A87FA23C180A700F956CA /* Implementations */ = {
			isa = PBXGroup;
			children = (
				D91A87FB23C180B700F956CA /* TransactionListDataSourceCoreDataImpl.swift */,
			);
			path = Implementations;
			sourceTree = "<group>";
		};
		D91A87FD23C1834800F956CA /* Assemblers */ = {
			isa = PBXGroup;
			children = (
				D91A87FE23C1835900F956CA /* TransactionListViewModelAssembler.swift */,
			);
			path = Assemblers;
			sourceTree = "<group>";
		};
		D91A880623C2059C00F956CA /* Protocols */ = {
			isa = PBXGroup;
			children = (
				D91A87F823C1808E00F956CA /* TransactionListDataSource.swift */,
				D9906B1923C209340096A831 /* TransactionListDataSourceObserver.swift */,
			);
			path = Protocols;
			sourceTree = "<group>";
		};
		D9257ECE23BF1D3E005FE802 /* AccountList */ = {
			isa = PBXGroup;
			children = (
				D93367F323C0B4FB00E8CF8C /* Services */,
				D9257ECF23BF1D52005FE802 /* View */,
				D9257ED223BF1D61005FE802 /* ViewModel */,
				D9257ED523C04FD7005FE802 /* Assemblers */,
			);
			path = AccountList;
			sourceTree = "<group>";
		};
		D9257ECF23BF1D52005FE802 /* View */ = {
			isa = PBXGroup;
			children = (
				D9257ED023BF1D5E005FE802 /* AccountListViewController.swift */,
				D91A87EE23C0B85700F956CA /* AccountListView.swift */,
			);
			path = View;
			sourceTree = "<group>";
		};
		D9257ED223BF1D61005FE802 /* ViewModel */ = {
			isa = PBXGroup;
			children = (
				D9257ED323BF1D6E005FE802 /* AccountListViewModel.swift */,
			);
			path = ViewModel;
			sourceTree = "<group>";
		};
		D9257ED523C04FD7005FE802 /* Assemblers */ = {
			isa = PBXGroup;
			children = (
				D9257ED623C0502B005FE802 /* AccountListViewModelAssembler.swift */,
			);
			path = Assemblers;
			sourceTree = "<group>";
		};
		D93367F323C0B4FB00E8CF8C /* Services */ = {
			isa = PBXGroup;
			children = (
				D93367F623C0B51C00E8CF8C /* Protocols */,
				D93367F723C0B52600E8CF8C /* Implementations */,
			);
			path = Services;
			sourceTree = "<group>";
		};
		D93367F623C0B51C00E8CF8C /* Protocols */ = {
			isa = PBXGroup;
			children = (
				D93367F423C0B50B00E8CF8C /* AccountListDataSource.swift */,
				D93367FA23C0B61100E8CF8C /* AccountListDataSourceObserver.swift */,
			);
			path = Protocols;
			sourceTree = "<group>";
		};
		D93367F723C0B52600E8CF8C /* Implementations */ = {
			isa = PBXGroup;
			children = (
				D93367F823C0B54500E8CF8C /* AccountListDataSourceCoreDataImpl.swift */,
			);
			path = Implementations;
			sourceTree = "<group>";
		};
		D93E8DAE23BC815000982A04 = {
			isa = PBXGroup;
			children = (
				D93E8DB923BC815000982A04 /* FinancePractice */,
				D93E8DD323BC815300982A04 /* FinancePracticeTests */,
				D93E8DDE23BC815300982A04 /* FinancePracticeUITests */,
				D93E8DB823BC815000982A04 /* Products */,
				7DC4218B2B128D7F66EAC2F6 /* Pods */,
				BC2F27D8984E0F4510C7C2FA /* Frameworks */,
			);
			sourceTree = "<group>";
		};
		D93E8DB823BC815000982A04 /* Products */ = {
			isa = PBXGroup;
			children = (
				D93E8DB723BC815000982A04 /* FinancePractice.app */,
				D93E8DD023BC815300982A04 /* FinancePracticeTests.xctest */,
				D93E8DDB23BC815300982A04 /* FinancePracticeUITests.xctest */,
			);
			name = Products;
			sourceTree = "<group>";
		};
		D93E8DB923BC815000982A04 /* FinancePractice */ = {
			isa = PBXGroup;
			children = (
				D93E8DBA23BC815000982A04 /* AppDelegate.swift */,
				D97BA06E23BCF37300274352 /* Modules */,
				D93E8DFF23BC8F1900982A04 /* Model */,
				D93E8E1023BCD82C00982A04 /* Services */,
				D93E8DC023BC815000982A04 /* Main.storyboard */,
				D93E8DC623BC815200982A04 /* Assets.xcassets */,
				D93E8DC823BC815200982A04 /* LaunchScreen.storyboard */,
				D93E8DCB23BC815200982A04 /* Info.plist */,
			);
			path = FinancePractice;
			sourceTree = "<group>";
		};
		D93E8DD323BC815300982A04 /* FinancePracticeTests */ = {
			isa = PBXGroup;
			children = (
				D9906B2123C2304D0096A831 /* Assembler */,
				D93E8DD623BC815300982A04 /* Info.plist */,
				D9906B2623C2325C0096A831 /* ProfileListViewModelTests */,
			);
			path = FinancePracticeTests;
			sourceTree = "<group>";
		};
		D93E8DDE23BC815300982A04 /* FinancePracticeUITests */ = {
			isa = PBXGroup;
			children = (
				D93E8DDF23BC815300982A04 /* FinancePracticeUITests.swift */,
				D93E8DE123BC815300982A04 /* Info.plist */,
			);
			path = FinancePracticeUITests;
			sourceTree = "<group>";
		};
		D93E8DFF23BC8F1900982A04 /* Model */ = {
			isa = PBXGroup;
			children = (
				D93E8DC323BC815000982A04 /* FinancePractice.xcdatamodeld */,
				D93E8E0023BC926E00982A04 /* Account+CoreDataClass.swift */,
				D93E8E0123BC926E00982A04 /* Account+CoreDataProperties.swift */,
				D93E8E0223BC926E00982A04 /* Transaction+CoreDataClass.swift */,
				D9906B1D23C2291D0096A831 /* Transaction+CoreDataProperties.swift */,
				D93E8E0423BC926E00982A04 /* Place+CoreDataClass.swift */,
				D93E8E0523BC926E00982A04 /* Place+CoreDataProperties.swift */,
				D93E8E0623BC926E00982A04 /* Profile+CoreDataClass.swift */,
				D93E8E0723BC926E00982A04 /* Profile+CoreDataProperties.swift */,
			);
			path = Model;
			sourceTree = "<group>";
		};
		D93E8E1023BCD82C00982A04 /* Services */ = {
			isa = PBXGroup;
			children = (
				D93E8DED23BC81B000982A04 /* CoreDataService.swift */,
			);
			path = Services;
			sourceTree = "<group>";
		};
		D946979A23BCFD4E004F3C87 /* Protocols */ = {
			isa = PBXGroup;
			children = (
				D9FF1DAE23BCF7E600C7E7F2 /* ProfileListDataSource.swift */,
				D9257ECC23BE1831005FE802 /* ProfileListDataSourceObserver.swift */,
			);
			path = Protocols;
			sourceTree = "<group>";
		};
		D946979B23BCFD71004F3C87 /* Services */ = {
			isa = PBXGroup;
			children = (
				D946979A23BCFD4E004F3C87 /* Protocols */,
				D946979C23BCFD7A004F3C87 /* Implementations */,
			);
			path = Services;
			sourceTree = "<group>";
		};
		D946979C23BCFD7A004F3C87 /* Implementations */ = {
			isa = PBXGroup;
			children = (
				D9FF1DB023BCF84900C7E7F2 /* ProfileListDataSourceCoreDataImpl.swift */,
			);
			path = Implementations;
			sourceTree = "<group>";
		};
		D946979D23BCFD94004F3C87 /* Assemblers */ = {
			isa = PBXGroup;
			children = (
				D9FF1DB423BCF89B00C7E7F2 /* ProfileListViewModelAssembler.swift */,
				D9FF1DB223BCF85500C7E7F2 /* ProfileListDataSourceAssembler.swift */,
			);
			path = Assemblers;
			sourceTree = "<group>";
		};
		D946979E23BCFDCA004F3C87 /* ViewModel */ = {
			isa = PBXGroup;
			children = (
				D9FF1DAC23BCF6F900C7E7F2 /* ProfileListViewModel.swift */,
			);
			path = ViewModel;
			sourceTree = "<group>";
		};
		D946979F23BCFDD5004F3C87 /* View */ = {
			isa = PBXGroup;
			children = (
				D97BA06F23BCF46400274352 /* ProfileListViewController.swift */,
				D94697A423BCFFBC004F3C87 /* ProfileListView.swift */,
			);
			path = View;
			sourceTree = "<group>";
		};
		D97BA06E23BCF37300274352 /* Modules */ = {
			isa = PBXGroup;
			children = (
				D91A87F023C17FF600F956CA /* TransactionList */,
				D9257ECE23BF1D3E005FE802 /* AccountList */,
				D97BA07123BCF46900274352 /* ProfileList */,
			);
			path = Modules;
			sourceTree = "<group>";
		};
		D97BA07123BCF46900274352 /* ProfileList */ = {
			isa = PBXGroup;
			children = (
				D946979F23BCFDD5004F3C87 /* View */,
				D946979E23BCFDCA004F3C87 /* ViewModel */,
				D946979B23BCFD71004F3C87 /* Services */,
				D946979D23BCFD94004F3C87 /* Assemblers */,
			);
			path = ProfileList;
			sourceTree = "<group>";
		};
		D9906B2123C2304D0096A831 /* Assembler */ = {
			isa = PBXGroup;
			children = (
			);
			path = Assembler;
			sourceTree = "<group>";
		};
		D9906B2623C2325C0096A831 /* ProfileListViewModelTests */ = {
			isa = PBXGroup;
			children = (
				D9906B1F23C22C600096A831 /* ProfileListViewModelTests.swift */,
				D9906B2723C2328C0096A831 /* MockProfileListView.swift */,
				D9906B2223C230560096A831 /* MockProfileListViewModelAssembler.swift */,
				D9906B2423C230790096A831 /* MockProfileListDataSourceAssembler.swift */,
			);
			path = ProfileListViewModelTests;
			sourceTree = "<group>";
		};
/* End PBXGroup section */

/* Begin PBXNativeTarget section */
		D93E8DB623BC815000982A04 /* FinancePractice */ = {
			isa = PBXNativeTarget;
			buildConfigurationList = D93E8DE423BC815300982A04 /* Build configuration list for PBXNativeTarget "FinancePractice" */;
			buildPhases = (
				BE4F5368E84E8B243EE5D0CD /* [CP] Check Pods Manifest.lock */,
				D93E8DB323BC815000982A04 /* Sources */,
				D93E8DB423BC815000982A04 /* Frameworks */,
				D93E8DB523BC815000982A04 /* Resources */,
				27820DC6C9DB03F738371667 /* [CP] Embed Pods Frameworks */,
			);
			buildRules = (
			);
			dependencies = (
			);
			name = FinancePractice;
			productName = FinancePractice;
			productReference = D93E8DB723BC815000982A04 /* FinancePractice.app */;
			productType = "com.apple.product-type.application";
		};
		D93E8DCF23BC815300982A04 /* FinancePracticeTests */ = {
			isa = PBXNativeTarget;
			buildConfigurationList = D93E8DE723BC815300982A04 /* Build configuration list for PBXNativeTarget "FinancePracticeTests" */;
			buildPhases = (
				EF962FE8ACA976673BA1A647 /* [CP] Check Pods Manifest.lock */,
				D93E8DCC23BC815300982A04 /* Sources */,
				D93E8DCD23BC815300982A04 /* Frameworks */,
				D93E8DCE23BC815300982A04 /* Resources */,
			);
			buildRules = (
			);
			dependencies = (
				D93E8DD223BC815300982A04 /* PBXTargetDependency */,
			);
			name = FinancePracticeTests;
			productName = FinancePracticeTests;
			productReference = D93E8DD023BC815300982A04 /* FinancePracticeTests.xctest */;
			productType = "com.apple.product-type.bundle.unit-test";
		};
		D93E8DDA23BC815300982A04 /* FinancePracticeUITests */ = {
			isa = PBXNativeTarget;
			buildConfigurationList = D93E8DEA23BC815300982A04 /* Build configuration list for PBXNativeTarget "FinancePracticeUITests" */;
			buildPhases = (
				1192BDB7CB1605ECA8FB9E81 /* [CP] Check Pods Manifest.lock */,
				D93E8DD723BC815300982A04 /* Sources */,
				D93E8DD823BC815300982A04 /* Frameworks */,
				D93E8DD923BC815300982A04 /* Resources */,
			);
			buildRules = (
			);
			dependencies = (
				D93E8DDD23BC815300982A04 /* PBXTargetDependency */,
			);
			name = FinancePracticeUITests;
			productName = FinancePracticeUITests;
			productReference = D93E8DDB23BC815300982A04 /* FinancePracticeUITests.xctest */;
			productType = "com.apple.product-type.bundle.ui-testing";
		};
/* End PBXNativeTarget section */

/* Begin PBXProject section */
		D93E8DAF23BC815000982A04 /* Project object */ = {
			isa = PBXProject;
			attributes = {
				LastSwiftUpdateCheck = 1130;
				LastUpgradeCheck = 1130;
				ORGANIZATIONNAME = Zoho;
				TargetAttributes = {
					D93E8DB623BC815000982A04 = {
						CreatedOnToolsVersion = 11.3;
					};
					D93E8DCF23BC815300982A04 = {
						CreatedOnToolsVersion = 11.3;
						LastSwiftMigration = 1130;
						TestTargetID = D93E8DB623BC815000982A04;
					};
					D93E8DDA23BC815300982A04 = {
						CreatedOnToolsVersion = 11.3;
						TestTargetID = D93E8DB623BC815000982A04;
					};
				};
			};
			buildConfigurationList = D93E8DB223BC815000982A04 /* Build configuration list for PBXProject "FinancePractice" */;
			compatibilityVersion = "Xcode 9.3";
			developmentRegion = en;
			hasScannedForEncodings = 0;
			knownRegions = (
				en,
				Base,
			);
			mainGroup = D93E8DAE23BC815000982A04;
			productRefGroup = D93E8DB823BC815000982A04 /* Products */;
			projectDirPath = "";
			projectRoot = "";
			targets = (
				D93E8DB623BC815000982A04 /* FinancePractice */,
				D93E8DCF23BC815300982A04 /* FinancePracticeTests */,
				D93E8DDA23BC815300982A04 /* FinancePracticeUITests */,
			);
		};
/* End PBXProject section */

/* Begin PBXResourcesBuildPhase section */
		D93E8DB523BC815000982A04 /* Resources */ = {
			isa = PBXResourcesBuildPhase;
			buildActionMask = 2147483647;
			files = (
				D93E8DCA23BC815200982A04 /* LaunchScreen.storyboard in Resources */,
				D93E8DC723BC815200982A04 /* Assets.xcassets in Resources */,
				D93E8DC223BC815000982A04 /* Main.storyboard in Resources */,
			);
			runOnlyForDeploymentPostprocessing = 0;
		};
		D93E8DCE23BC815300982A04 /* Resources */ = {
			isa = PBXResourcesBuildPhase;
			buildActionMask = 2147483647;
			files = (
			);
			runOnlyForDeploymentPostprocessing = 0;
		};
		D93E8DD923BC815300982A04 /* Resources */ = {
			isa = PBXResourcesBuildPhase;
			buildActionMask = 2147483647;
			files = (
			);
			runOnlyForDeploymentPostprocessing = 0;
		};
/* End PBXResourcesBuildPhase section */

/* Begin PBXShellScriptBuildPhase section */
		1192BDB7CB1605ECA8FB9E81 /* [CP] Check Pods Manifest.lock */ = {
			isa = PBXShellScriptBuildPhase;
			buildActionMask = 2147483647;
			files = (
			);
			inputFileListPaths = (
			);
			inputPaths = (
				"${PODS_PODFILE_DIR_PATH}/Podfile.lock",
				"${PODS_ROOT}/Manifest.lock",
			);
			name = "[CP] Check Pods Manifest.lock";
			outputFileListPaths = (
			);
			outputPaths = (
				"$(DERIVED_FILE_DIR)/Pods-FinancePracticeUITests-checkManifestLockResult.txt",
			);
			runOnlyForDeploymentPostprocessing = 0;
			shellPath = /bin/sh;
			shellScript = "diff \"${PODS_PODFILE_DIR_PATH}/Podfile.lock\" \"${PODS_ROOT}/Manifest.lock\" > /dev/null\nif [ $? != 0 ] ; then\n    # print error to STDERR\n    echo \"error: The sandbox is not in sync with the Podfile.lock. Run 'pod install' or update your CocoaPods installation.\" >&2\n    exit 1\nfi\n# This output is used by Xcode 'outputs' to avoid re-running this script phase.\necho \"SUCCESS\" > \"${SCRIPT_OUTPUT_FILE_0}\"\n";
			showEnvVarsInLog = 0;
		};
		27820DC6C9DB03F738371667 /* [CP] Embed Pods Frameworks */ = {
			isa = PBXShellScriptBuildPhase;
			buildActionMask = 2147483647;
			files = (
			);
			inputFileListPaths = (
				"${PODS_ROOT}/Target Support Files/Pods-FinancePractice/Pods-FinancePractice-frameworks-${CONFIGURATION}-input-files.xcfilelist",
			);
			name = "[CP] Embed Pods Frameworks";
			outputFileListPaths = (
				"${PODS_ROOT}/Target Support Files/Pods-FinancePractice/Pods-FinancePractice-frameworks-${CONFIGURATION}-output-files.xcfilelist",
			);
			runOnlyForDeploymentPostprocessing = 0;
			shellPath = /bin/sh;
			shellScript = "\"${PODS_ROOT}/Target Support Files/Pods-FinancePractice/Pods-FinancePractice-frameworks.sh\"\n";
			showEnvVarsInLog = 0;
		};
		BE4F5368E84E8B243EE5D0CD /* [CP] Check Pods Manifest.lock */ = {
			isa = PBXShellScriptBuildPhase;
			buildActionMask = 2147483647;
			files = (
			);
			inputFileListPaths = (
			);
			inputPaths = (
				"${PODS_PODFILE_DIR_PATH}/Podfile.lock",
				"${PODS_ROOT}/Manifest.lock",
			);
			name = "[CP] Check Pods Manifest.lock";
			outputFileListPaths = (
			);
			outputPaths = (
				"$(DERIVED_FILE_DIR)/Pods-FinancePractice-checkManifestLockResult.txt",
			);
			runOnlyForDeploymentPostprocessing = 0;
			shellPath = /bin/sh;
			shellScript = "diff \"${PODS_PODFILE_DIR_PATH}/Podfile.lock\" \"${PODS_ROOT}/Manifest.lock\" > /dev/null\nif [ $? != 0 ] ; then\n    # print error to STDERR\n    echo \"error: The sandbox is not in sync with the Podfile.lock. Run 'pod install' or update your CocoaPods installation.\" >&2\n    exit 1\nfi\n# This output is used by Xcode 'outputs' to avoid re-running this script phase.\necho \"SUCCESS\" > \"${SCRIPT_OUTPUT_FILE_0}\"\n";
			showEnvVarsInLog = 0;
		};
		EF962FE8ACA976673BA1A647 /* [CP] Check Pods Manifest.lock */ = {
			isa = PBXShellScriptBuildPhase;
			buildActionMask = 2147483647;
			files = (
			);
			inputFileListPaths = (
			);
			inputPaths = (
				"${PODS_PODFILE_DIR_PATH}/Podfile.lock",
				"${PODS_ROOT}/Manifest.lock",
			);
			name = "[CP] Check Pods Manifest.lock";
			outputFileListPaths = (
			);
			outputPaths = (
				"$(DERIVED_FILE_DIR)/Pods-FinancePracticeTests-checkManifestLockResult.txt",
			);
			runOnlyForDeploymentPostprocessing = 0;
			shellPath = /bin/sh;
			shellScript = "diff \"${PODS_PODFILE_DIR_PATH}/Podfile.lock\" \"${PODS_ROOT}/Manifest.lock\" > /dev/null\nif [ $? != 0 ] ; then\n    # print error to STDERR\n    echo \"error: The sandbox is not in sync with the Podfile.lock. Run 'pod install' or update your CocoaPods installation.\" >&2\n    exit 1\nfi\n# This output is used by Xcode 'outputs' to avoid re-running this script phase.\necho \"SUCCESS\" > \"${SCRIPT_OUTPUT_FILE_0}\"\n";
			showEnvVarsInLog = 0;
		};
/* End PBXShellScriptBuildPhase section */

/* Begin PBXSourcesBuildPhase section */
		D93E8DB323BC815000982A04 /* Sources */ = {
			isa = PBXSourcesBuildPhase;
			buildActionMask = 2147483647;
			files = (
				D93E8E0923BC926E00982A04 /* Account+CoreDataProperties.swift in Sources */,
				D93E8E0C23BC926E00982A04 /* Place+CoreDataClass.swift in Sources */,
				D9FF1DAD23BCF6F900C7E7F2 /* ProfileListViewModel.swift in Sources */,
				D91A880323C2033100F956CA /* TransactionListTableViewCellState.swift in Sources */,
				D9FF1DB523BCF89B00C7E7F2 /* ProfileListViewModelAssembler.swift in Sources */,
				D93E8E0E23BC926E00982A04 /* Profile+CoreDataClass.swift in Sources */,
				D93367FB23C0B61100E8CF8C /* AccountListDataSourceObserver.swift in Sources */,
				D93E8E0D23BC926E00982A04 /* Place+CoreDataProperties.swift in Sources */,
				D9257ED423BF1D6E005FE802 /* AccountListViewModel.swift in Sources */,
				D93E8DEE23BC81B000982A04 /* CoreDataService.swift in Sources */,
				D93E8E0823BC926E00982A04 /* Account+CoreDataClass.swift in Sources */,
				D9FF1DB123BCF84900C7E7F2 /* ProfileListDataSourceCoreDataImpl.swift in Sources */,
				D91A87EF23C0B85700F956CA /* AccountListView.swift in Sources */,
				D94697A523BCFFBC004F3C87 /* ProfileListView.swift in Sources */,
				D9FF1DAF23BCF7E600C7E7F2 /* ProfileListDataSource.swift in Sources */,
				D93E8E0A23BC926E00982A04 /* Transaction+CoreDataClass.swift in Sources */,
				D91A87FC23C180B700F956CA /* TransactionListDataSourceCoreDataImpl.swift in Sources */,
				D91A87F523C1802D00F956CA /* TransactionListViewController.swift in Sources */,
				D91A87F923C1808E00F956CA /* TransactionListDataSource.swift in Sources */,
				D9906B1A23C209340096A831 /* TransactionListDataSourceObserver.swift in Sources */,
				D9FF1DB323BCF85500C7E7F2 /* ProfileListDataSourceAssembler.swift in Sources */,
				D93E8DBB23BC815000982A04 /* AppDelegate.swift in Sources */,
				D91A87F723C1807400F956CA /* TransactionListViewModel.swift in Sources */,
				D93367F523C0B50B00E8CF8C /* AccountListDataSource.swift in Sources */,
				D91A880123C201D000F956CA /* TransactionListViewState.swift in Sources */,
				D9906B1C23C21FF10096A831 /* TransactionListTableViewCellState+Differentiable.swift in Sources */,
				D9257ECD23BE1831005FE802 /* ProfileListDataSourceObserver.swift in Sources */,
				D93E8E0F23BC926E00982A04 /* Profile+CoreDataProperties.swift in Sources */,
				D91A880523C204C500F956CA /* TransactionListView.swift in Sources */,
				D93367F923C0B54500E8CF8C /* AccountListDataSourceCoreDataImpl.swift in Sources */,
				D97BA07023BCF46400274352 /* ProfileListViewController.swift in Sources */,
				D9257ED123BF1D5E005FE802 /* AccountListViewController.swift in Sources */,
				D9906B1E23C2291D0096A831 /* Transaction+CoreDataProperties.swift in Sources */,
				D91A87FF23C1835900F956CA /* TransactionListViewModelAssembler.swift in Sources */,
				D93E8DC523BC815000982A04 /* FinancePractice.xcdatamodeld in Sources */,
				D9257ED723C0502B005FE802 /* AccountListViewModelAssembler.swift in Sources */,
			);
			runOnlyForDeploymentPostprocessing = 0;
		};
		D93E8DCC23BC815300982A04 /* Sources */ = {
			isa = PBXSourcesBuildPhase;
			buildActionMask = 2147483647;
			files = (
				D9906B2023C22C600096A831 /* ProfileListViewModelTests.swift in Sources */,
				D9906B2323C230560096A831 /* MockProfileListViewModelAssembler.swift in Sources */,
				D9906B2823C2328C0096A831 /* MockProfileListView.swift in Sources */,
				D9906B2523C230790096A831 /* MockProfileListDataSourceAssembler.swift in Sources */,
			);
			runOnlyForDeploymentPostprocessing = 0;
		};
		D93E8DD723BC815300982A04 /* Sources */ = {
			isa = PBXSourcesBuildPhase;
			buildActionMask = 2147483647;
			files = (
				D93E8DE023BC815300982A04 /* FinancePracticeUITests.swift in Sources */,
			);
			runOnlyForDeploymentPostprocessing = 0;
		};
/* End PBXSourcesBuildPhase section */

/* Begin PBXTargetDependency section */
		D93E8DD223BC815300982A04 /* PBXTargetDependency */ = {
			isa = PBXTargetDependency;
			target = D93E8DB623BC815000982A04 /* FinancePractice */;
			targetProxy = D93E8DD123BC815300982A04 /* PBXContainerItemProxy */;
		};
		D93E8DDD23BC815300982A04 /* PBXTargetDependency */ = {
			isa = PBXTargetDependency;
			target = D93E8DB623BC815000982A04 /* FinancePractice */;
			targetProxy = D93E8DDC23BC815300982A04 /* PBXContainerItemProxy */;
		};
/* End PBXTargetDependency section */

/* Begin PBXVariantGroup section */
		D93E8DC023BC815000982A04 /* Main.storyboard */ = {
			isa = PBXVariantGroup;
			children = (
				D93E8DC123BC815000982A04 /* Base */,
			);
			name = Main.storyboard;
			sourceTree = "<group>";
		};
		D93E8DC823BC815200982A04 /* LaunchScreen.storyboard */ = {
			isa = PBXVariantGroup;
			children = (
				D93E8DC923BC815200982A04 /* Base */,
			);
			name = LaunchScreen.storyboard;
			sourceTree = "<group>";
		};
/* End PBXVariantGroup section */

/* Begin XCBuildConfiguration section */
		D93E8DE223BC815300982A04 /* Debug */ = {
			isa = XCBuildConfiguration;
			buildSettings = {
				ALWAYS_SEARCH_USER_PATHS = NO;
				CLANG_ANALYZER_NONNULL = YES;
				CLANG_ANALYZER_NUMBER_OBJECT_CONVERSION = YES_AGGRESSIVE;
				CLANG_CXX_LANGUAGE_STANDARD = "gnu++14";
				CLANG_CXX_LIBRARY = "libc++";
				CLANG_ENABLE_MODULES = YES;
				CLANG_ENABLE_OBJC_ARC = YES;
				CLANG_ENABLE_OBJC_WEAK = YES;
				CLANG_WARN_BLOCK_CAPTURE_AUTORELEASING = YES;
				CLANG_WARN_BOOL_CONVERSION = YES;
				CLANG_WARN_COMMA = YES;
				CLANG_WARN_CONSTANT_CONVERSION = YES;
				CLANG_WARN_DEPRECATED_OBJC_IMPLEMENTATIONS = YES;
				CLANG_WARN_DIRECT_OBJC_ISA_USAGE = YES_ERROR;
				CLANG_WARN_DOCUMENTATION_COMMENTS = YES;
				CLANG_WARN_EMPTY_BODY = YES;
				CLANG_WARN_ENUM_CONVERSION = YES;
				CLANG_WARN_INFINITE_RECURSION = YES;
				CLANG_WARN_INT_CONVERSION = YES;
				CLANG_WARN_NON_LITERAL_NULL_CONVERSION = YES;
				CLANG_WARN_OBJC_IMPLICIT_RETAIN_SELF = YES;
				CLANG_WARN_OBJC_LITERAL_CONVERSION = YES;
				CLANG_WARN_OBJC_ROOT_CLASS = YES_ERROR;
				CLANG_WARN_RANGE_LOOP_ANALYSIS = YES;
				CLANG_WARN_STRICT_PROTOTYPES = YES;
				CLANG_WARN_SUSPICIOUS_MOVE = YES;
				CLANG_WARN_UNGUARDED_AVAILABILITY = YES_AGGRESSIVE;
				CLANG_WARN_UNREACHABLE_CODE = YES;
				CLANG_WARN__DUPLICATE_METHOD_MATCH = YES;
				COPY_PHASE_STRIP = NO;
				DEBUG_INFORMATION_FORMAT = dwarf;
				ENABLE_STRICT_OBJC_MSGSEND = YES;
				ENABLE_TESTABILITY = YES;
				GCC_C_LANGUAGE_STANDARD = gnu11;
				GCC_DYNAMIC_NO_PIC = NO;
				GCC_NO_COMMON_BLOCKS = YES;
				GCC_OPTIMIZATION_LEVEL = 0;
				GCC_PREPROCESSOR_DEFINITIONS = (
					"DEBUG=1",
					"$(inherited)",
				);
				GCC_WARN_64_TO_32_BIT_CONVERSION = YES;
				GCC_WARN_ABOUT_RETURN_TYPE = YES_ERROR;
				GCC_WARN_UNDECLARED_SELECTOR = YES;
				GCC_WARN_UNINITIALIZED_AUTOS = YES_AGGRESSIVE;
				GCC_WARN_UNUSED_FUNCTION = YES;
				GCC_WARN_UNUSED_VARIABLE = YES;
				IPHONEOS_DEPLOYMENT_TARGET = 13.2;
				MTL_ENABLE_DEBUG_INFO = INCLUDE_SOURCE;
				MTL_FAST_MATH = YES;
				ONLY_ACTIVE_ARCH = YES;
				SDKROOT = iphoneos;
				SWIFT_ACTIVE_COMPILATION_CONDITIONS = DEBUG;
				SWIFT_OPTIMIZATION_LEVEL = "-Onone";
			};
			name = Debug;
		};
		D93E8DE323BC815300982A04 /* Release */ = {
			isa = XCBuildConfiguration;
			buildSettings = {
				ALWAYS_SEARCH_USER_PATHS = NO;
				CLANG_ANALYZER_NONNULL = YES;
				CLANG_ANALYZER_NUMBER_OBJECT_CONVERSION = YES_AGGRESSIVE;
				CLANG_CXX_LANGUAGE_STANDARD = "gnu++14";
				CLANG_CXX_LIBRARY = "libc++";
				CLANG_ENABLE_MODULES = YES;
				CLANG_ENABLE_OBJC_ARC = YES;
				CLANG_ENABLE_OBJC_WEAK = YES;
				CLANG_WARN_BLOCK_CAPTURE_AUTORELEASING = YES;
				CLANG_WARN_BOOL_CONVERSION = YES;
				CLANG_WARN_COMMA = YES;
				CLANG_WARN_CONSTANT_CONVERSION = YES;
				CLANG_WARN_DEPRECATED_OBJC_IMPLEMENTATIONS = YES;
				CLANG_WARN_DIRECT_OBJC_ISA_USAGE = YES_ERROR;
				CLANG_WARN_DOCUMENTATION_COMMENTS = YES;
				CLANG_WARN_EMPTY_BODY = YES;
				CLANG_WARN_ENUM_CONVERSION = YES;
				CLANG_WARN_INFINITE_RECURSION = YES;
				CLANG_WARN_INT_CONVERSION = YES;
				CLANG_WARN_NON_LITERAL_NULL_CONVERSION = YES;
				CLANG_WARN_OBJC_IMPLICIT_RETAIN_SELF = YES;
				CLANG_WARN_OBJC_LITERAL_CONVERSION = YES;
				CLANG_WARN_OBJC_ROOT_CLASS = YES_ERROR;
				CLANG_WARN_RANGE_LOOP_ANALYSIS = YES;
				CLANG_WARN_STRICT_PROTOTYPES = YES;
				CLANG_WARN_SUSPICIOUS_MOVE = YES;
				CLANG_WARN_UNGUARDED_AVAILABILITY = YES_AGGRESSIVE;
				CLANG_WARN_UNREACHABLE_CODE = YES;
				CLANG_WARN__DUPLICATE_METHOD_MATCH = YES;
				COPY_PHASE_STRIP = NO;
				DEBUG_INFORMATION_FORMAT = "dwarf-with-dsym";
				ENABLE_NS_ASSERTIONS = NO;
				ENABLE_STRICT_OBJC_MSGSEND = YES;
				GCC_C_LANGUAGE_STANDARD = gnu11;
				GCC_NO_COMMON_BLOCKS = YES;
				GCC_WARN_64_TO_32_BIT_CONVERSION = YES;
				GCC_WARN_ABOUT_RETURN_TYPE = YES_ERROR;
				GCC_WARN_UNDECLARED_SELECTOR = YES;
				GCC_WARN_UNINITIALIZED_AUTOS = YES_AGGRESSIVE;
				GCC_WARN_UNUSED_FUNCTION = YES;
				GCC_WARN_UNUSED_VARIABLE = YES;
				IPHONEOS_DEPLOYMENT_TARGET = 13.2;
				MTL_ENABLE_DEBUG_INFO = NO;
				MTL_FAST_MATH = YES;
				SDKROOT = iphoneos;
				SWIFT_COMPILATION_MODE = wholemodule;
				SWIFT_OPTIMIZATION_LEVEL = "-O";
				VALIDATE_PRODUCT = YES;
			};
			name = Release;
		};
		D93E8DE523BC815300982A04 /* Debug */ = {
			isa = XCBuildConfiguration;
			baseConfigurationReference = 1876E7B81D9E91D11DD8271E /* Pods-FinancePractice.debug.xcconfig */;
			buildSettings = {
				ASSETCATALOG_COMPILER_APPICON_NAME = AppIcon;
				CODE_SIGN_STYLE = Automatic;
				DEVELOPMENT_TEAM = TZ824L8Y37;
				INFOPLIST_FILE = FinancePractice/Info.plist;
				LD_RUNPATH_SEARCH_PATHS = (
					"$(inherited)",
					"@executable_path/Frameworks",
				);
				PRODUCT_BUNDLE_IDENTIFIER = com.zoho.showdraw.mac.FinancePractice;
				PRODUCT_NAME = "$(TARGET_NAME)";
				SWIFT_VERSION = 5.0;
				TARGETED_DEVICE_FAMILY = "1,2";
			};
			name = Debug;
		};
		D93E8DE623BC815300982A04 /* Release */ = {
			isa = XCBuildConfiguration;
			baseConfigurationReference = 3BDEE6EBE072D455CEE2D11B /* Pods-FinancePractice.release.xcconfig */;
			buildSettings = {
				ASSETCATALOG_COMPILER_APPICON_NAME = AppIcon;
				CODE_SIGN_STYLE = Automatic;
				DEVELOPMENT_TEAM = TZ824L8Y37;
				INFOPLIST_FILE = FinancePractice/Info.plist;
				LD_RUNPATH_SEARCH_PATHS = (
					"$(inherited)",
					"@executable_path/Frameworks",
				);
				PRODUCT_BUNDLE_IDENTIFIER = com.zoho.showdraw.mac.FinancePractice;
				PRODUCT_NAME = "$(TARGET_NAME)";
				SWIFT_VERSION = 5.0;
				TARGETED_DEVICE_FAMILY = "1,2";
			};
			name = Release;
		};
		D93E8DE823BC815300982A04 /* Debug */ = {
			isa = XCBuildConfiguration;
			baseConfigurationReference = B8F99D7C44222CB7DB64E1D2 /* Pods-FinancePracticeTests.debug.xcconfig */;
			buildSettings = {
				ALWAYS_EMBED_SWIFT_STANDARD_LIBRARIES = YES;
				BUNDLE_LOADER = "$(TEST_HOST)";
				CLANG_ENABLE_MODULES = YES;
				CODE_SIGN_STYLE = Automatic;
				DEVELOPMENT_TEAM = TZ824L8Y37;
				INFOPLIST_FILE = FinancePracticeTests/Info.plist;
				IPHONEOS_DEPLOYMENT_TARGET = 13.2;
				LD_RUNPATH_SEARCH_PATHS = (
					"$(inherited)",
					"@executable_path/Frameworks",
					"@loader_path/Frameworks",
				);
				PRODUCT_BUNDLE_IDENTIFIER = com.zoho.showdraw.mac.FinancePracticeTests;
				PRODUCT_NAME = "$(TARGET_NAME)";
				SWIFT_OPTIMIZATION_LEVEL = "-Onone";
				SWIFT_VERSION = 5.0;
				TARGETED_DEVICE_FAMILY = "1,2";
				TEST_HOST = "$(BUILT_PRODUCTS_DIR)/FinancePractice.app/FinancePractice";
			};
			name = Debug;
		};
		D93E8DE923BC815300982A04 /* Release */ = {
			isa = XCBuildConfiguration;
			baseConfigurationReference = 706A6EF4807F014D9493BA8D /* Pods-FinancePracticeTests.release.xcconfig */;
			buildSettings = {
				ALWAYS_EMBED_SWIFT_STANDARD_LIBRARIES = YES;
				BUNDLE_LOADER = "$(TEST_HOST)";
				CLANG_ENABLE_MODULES = YES;
				CODE_SIGN_STYLE = Automatic;
				DEVELOPMENT_TEAM = TZ824L8Y37;
				INFOPLIST_FILE = FinancePracticeTests/Info.plist;
				IPHONEOS_DEPLOYMENT_TARGET = 13.2;
				LD_RUNPATH_SEARCH_PATHS = (
					"$(inherited)",
					"@executable_path/Frameworks",
					"@loader_path/Frameworks",
				);
				PRODUCT_BUNDLE_IDENTIFIER = com.zoho.showdraw.mac.FinancePracticeTests;
				PRODUCT_NAME = "$(TARGET_NAME)";
				SWIFT_VERSION = 5.0;
				TARGETED_DEVICE_FAMILY = "1,2";
				TEST_HOST = "$(BUILT_PRODUCTS_DIR)/FinancePractice.app/FinancePractice";
			};
			name = Release;
		};
		D93E8DEB23BC815300982A04 /* Debug */ = {
			isa = XCBuildConfiguration;
			baseConfigurationReference = 04986306FBA515CBC3A4CC3D /* Pods-FinancePracticeUITests.debug.xcconfig */;
			buildSettings = {
				ALWAYS_EMBED_SWIFT_STANDARD_LIBRARIES = YES;
				CODE_SIGN_STYLE = Automatic;
				DEVELOPMENT_TEAM = TZ824L8Y37;
				INFOPLIST_FILE = FinancePracticeUITests/Info.plist;
				LD_RUNPATH_SEARCH_PATHS = (
					"$(inherited)",
					"@executable_path/Frameworks",
					"@loader_path/Frameworks",
				);
				PRODUCT_BUNDLE_IDENTIFIER = com.zoho.showdraw.mac.FinancePracticeUITests;
				PRODUCT_NAME = "$(TARGET_NAME)";
				SWIFT_VERSION = 5.0;
				TARGETED_DEVICE_FAMILY = "1,2";
				TEST_TARGET_NAME = FinancePractice;
			};
			name = Debug;
		};
		D93E8DEC23BC815300982A04 /* Release */ = {
			isa = XCBuildConfiguration;
			baseConfigurationReference = 7372D5D5384C05654466EC05 /* Pods-FinancePracticeUITests.release.xcconfig */;
			buildSettings = {
				ALWAYS_EMBED_SWIFT_STANDARD_LIBRARIES = YES;
				CODE_SIGN_STYLE = Automatic;
				DEVELOPMENT_TEAM = TZ824L8Y37;
				INFOPLIST_FILE = FinancePracticeUITests/Info.plist;
				LD_RUNPATH_SEARCH_PATHS = (
					"$(inherited)",
					"@executable_path/Frameworks",
					"@loader_path/Frameworks",
				);
				PRODUCT_BUNDLE_IDENTIFIER = com.zoho.showdraw.mac.FinancePracticeUITests;
				PRODUCT_NAME = "$(TARGET_NAME)";
				SWIFT_VERSION = 5.0;
				TARGETED_DEVICE_FAMILY = "1,2";
				TEST_TARGET_NAME = FinancePractice;
			};
			name = Release;
		};
/* End XCBuildConfiguration section */

/* Begin XCConfigurationList section */
		D93E8DB223BC815000982A04 /* Build configuration list for PBXProject "FinancePractice" */ = {
			isa = XCConfigurationList;
			buildConfigurations = (
				D93E8DE223BC815300982A04 /* Debug */,
				D93E8DE323BC815300982A04 /* Release */,
			);
			defaultConfigurationIsVisible = 0;
			defaultConfigurationName = Release;
		};
		D93E8DE423BC815300982A04 /* Build configuration list for PBXNativeTarget "FinancePractice" */ = {
			isa = XCConfigurationList;
			buildConfigurations = (
				D93E8DE523BC815300982A04 /* Debug */,
				D93E8DE623BC815300982A04 /* Release */,
			);
			defaultConfigurationIsVisible = 0;
			defaultConfigurationName = Release;
		};
		D93E8DE723BC815300982A04 /* Build configuration list for PBXNativeTarget "FinancePracticeTests" */ = {
			isa = XCConfigurationList;
			buildConfigurations = (
				D93E8DE823BC815300982A04 /* Debug */,
				D93E8DE923BC815300982A04 /* Release */,
			);
			defaultConfigurationIsVisible = 0;
			defaultConfigurationName = Release;
		};
		D93E8DEA23BC815300982A04 /* Build configuration list for PBXNativeTarget "FinancePracticeUITests" */ = {
			isa = XCConfigurationList;
			buildConfigurations = (
				D93E8DEB23BC815300982A04 /* Debug */,
				D93E8DEC23BC815300982A04 /* Release */,
			);
			defaultConfigurationIsVisible = 0;
			defaultConfigurationName = Release;
		};
/* End XCConfigurationList section */

/* Begin XCVersionGroup section */
		D93E8DC323BC815000982A04 /* FinancePractice.xcdatamodeld */ = {
			isa = XCVersionGroup;
			children = (
				D93E8DC423BC815000982A04 /* FinancePractice.xcdatamodel */,
			);
			currentVersion = D93E8DC423BC815000982A04 /* FinancePractice.xcdatamodel */;
			path = FinancePractice.xcdatamodeld;
			sourceTree = "<group>";
			versionGroupType = wrapper.xcdatamodel;
		};
/* End XCVersionGroup section */
	};
	rootObject = D93E8DAF23BC815000982A04 /* Project object */;
}
